
Microsoft Visual Studio Solution File, Format Version 12.00
# Visual Studio 14
VisualStudioVersion = 14.0.24720.0
MinimumVisualStudioVersion = 10.0.40219.1
Project("{FAE04EC0-301F-11D3-BF4B-00C04F79EFBC}") = "iGreenwood.Droid", "iGreenwood\iGreenwood.Droid\iGreenwood.Droid.csproj", "{0C34E2EB-A4CD-4D4D-A2F3-1321C63D2F32}"
EndProject
Project("{FAE04EC0-301F-11D3-BF4B-00C04F79EFBC}") = "iGreenwood.iOS", "iGreenwood\iGreenwood.iOS\iGreenwood.iOS.csproj", "{8534C481-F684-404C-9A39-62799E601109}"
EndProject
Project("{FAE04EC0-301F-11D3-BF4B-00C04F79EFBC}") = "iGreenwood.WinPhone", "iGreenwood\iGreenwood.WinPhone\iGreenwood.WinPhone.csproj", "{825797F9-F85E-48F6-9840-8E7273D408AA}"
EndProject
Project("{FAE04EC0-301F-11D3-BF4B-00C04F79EFBC}") = "iGreenwood.Windows", "iGreenwood\iGreenwood.Windows\iGreenwood.Windows.csproj", "{F2EBFDB8-C3B8-471F-8B61-220FCFA80F51}"
EndProject
Project("{FAE04EC0-301F-11D3-BF4B-00C04F79EFBC}") = "iGreenwood", "iGreenwood\iGreenwood\iGreenwood.csproj", "{33D950CA-EE75-4D05-ACA4-BCA29B7F1267}"
EndProject
Global
	GlobalSection(SolutionConfigurationPlatforms) = preSolution
		Ad-Hoc|Any CPU = Ad-Hoc|Any CPU
		Ad-Hoc|ARM = Ad-Hoc|ARM
		Ad-Hoc|iPhone = Ad-Hoc|iPhone
		Ad-Hoc|iPhoneSimulator = Ad-Hoc|iPhoneSimulator
		Ad-Hoc|x64 = Ad-Hoc|x64
		Ad-Hoc|x86 = Ad-Hoc|x86
		AppStore|Any CPU = AppStore|Any CPU
		AppStore|ARM = AppStore|ARM
		AppStore|iPhone = AppStore|iPhone
		AppStore|iPhoneSimulator = AppStore|iPhoneSimulator
		AppStore|x64 = AppStore|x64
		AppStore|x86 = AppStore|x86
		Debug|Any CPU = Debug|Any CPU
		Debug|ARM = Debug|ARM
		Debug|iPhone = Debug|iPhone
		Debug|iPhoneSimulator = Debug|iPhoneSimulator
		Debug|x64 = Debug|x64
		Debug|x86 = Debug|x86
		Release|Any CPU = Release|Any CPU
		Release|ARM = Release|ARM
		Release|iPhone = Release|iPhone
		Release|iPhoneSimulator = Release|iPhoneSimulator
		Release|x64 = Release|x64
		Release|x86 = Release|x86
	EndGlobalSection
	GlobalSection(ProjectConfigurationPlatforms) = postSolution
		{0C34E2EB-A4CD-4D4D-A2F3-1321C63D2F32}.Ad-Hoc|Any CPU.ActiveCfg = Release|Any CPU
		{0C34E2EB-A4CD-4D4D-A2F3-1321C63D2F32}.Ad-Hoc|Any CPU.Build.0 = Release|Any CPU
		{0C34E2EB-A4CD-4D4D-A2F3-1321C63D2F32}.Ad-Hoc|Any CPU.Deploy.0 = Release|Any CPU
		{0C34E2EB-A4CD-4D4D-A2F3-1321C63D2F32}.Ad-Hoc|ARM.ActiveCfg = Release|Any CPU
		{0C34E2EB-A4CD-4D4D-A2F3-1321C63D2F32}.Ad-Hoc|ARM.Build.0 = Release|Any CPU
		{0C34E2EB-A4CD-4D4D-A2F3-1321C63D2F32}.Ad-Hoc|ARM.Deploy.0 = Release|Any CPU
		{0C34E2EB-A4CD-4D4D-A2F3-1321C63D2F32}.Ad-Hoc|iPhone.ActiveCfg = Release|Any CPU
		{0C34E2EB-A4CD-4D4D-A2F3-1321C63D2F32}.Ad-Hoc|iPhone.Build.0 = Release|Any CPU
		{0C34E2EB-A4CD-4D4D-A2F3-1321C63D2F32}.Ad-Hoc|iPhone.Deploy.0 = Release|Any CPU
		{0C34E2EB-A4CD-4D4D-A2F3-1321C63D2F32}.Ad-Hoc|iPhoneSimulator.ActiveCfg = Release|Any CPU
		{0C34E2EB-A4CD-4D4D-A2F3-1321C63D2F32}.Ad-Hoc|iPhoneSimulator.Build.0 = Release|Any CPU
		{0C34E2EB-A4CD-4D4D-A2F3-1321C63D2F32}.Ad-Hoc|iPhoneSimulator.Deploy.0 = Release|Any CPU
		{0C34E2EB-A4CD-4D4D-A2F3-1321C63D2F32}.Ad-Hoc|x64.ActiveCfg = Release|Any CPU
		{0C34E2EB-A4CD-4D4D-A2F3-1321C63D2F32}.Ad-Hoc|x64.Build.0 = Release|Any CPU
		{0C34E2EB-A4CD-4D4D-A2F3-1321C63D2F32}.Ad-Hoc|x64.Deploy.0 = Release|Any CPU
		{0C34E2EB-A4CD-4D4D-A2F3-1321C63D2F32}.Ad-Hoc|x86.ActiveCfg = Release|Any CPU
		{0C34E2EB-A4CD-4D4D-A2F3-1321C63D2F32}.Ad-Hoc|x86.Build.0 = Release|Any CPU
		{0C34E2EB-A4CD-4D4D-A2F3-1321C63D2F32}.Ad-Hoc|x86.Deploy.0 = Release|Any CPU
		{0C34E2EB-A4CD-4D4D-A2F3-1321C63D2F32}.AppStore|Any CPU.ActiveCfg = Release|Any CPU
		{0C34E2EB-A4CD-4D4D-A2F3-1321C63D2F32}.AppStore|Any CPU.Build.0 = Release|Any CPU
		{0C34E2EB-A4CD-4D4D-A2F3-1321C63D2F32}.AppStore|Any CPU.Deploy.0 = Release|Any CPU
		{0C34E2EB-A4CD-4D4D-A2F3-1321C63D2F32}.AppStore|ARM.ActiveCfg = Release|Any CPU
		{0C34E2EB-A4CD-4D4D-A2F3-1321C63D2F32}.AppStore|ARM.Build.0 = Release|Any CPU
		{0C34E2EB-A4CD-4D4D-A2F3-1321C63D2F32}.AppStore|ARM.Deploy.0 = Release|Any CPU
		{0C34E2EB-A4CD-4D4D-A2F3-1321C63D2F32}.AppStore|iPhone.ActiveCfg = Release|Any CPU
		{0C34E2EB-A4CD-4D4D-A2F3-1321C63D2F32}.AppStore|iPhone.Build.0 = Release|Any CPU
		{0C34E2EB-A4CD-4D4D-A2F3-1321C63D2F32}.AppStore|iPhone.Deploy.0 = Release|Any CPU
		{0C34E2EB-A4CD-4D4D-A2F3-1321C63D2F32}.AppStore|iPhoneSimulator.ActiveCfg = Release|Any CPU
		{0C34E2EB-A4CD-4D4D-A2F3-1321C63D2F32}.AppStore|iPhoneSimulator.Build.0 = Release|Any CPU
		{0C34E2EB-A4CD-4D4D-A2F3-1321C63D2F32}.AppStore|iPhoneSimulator.Deploy.0 = Release|Any CPU
		{0C34E2EB-A4CD-4D4D-A2F3-1321C63D2F32}.AppStore|x64.ActiveCfg = Release|Any CPU
		{0C34E2EB-A4CD-4D4D-A2F3-1321C63D2F32}.AppStore|x64.Build.0 = Release|Any CPU
		{0C34E2EB-A4CD-4D4D-A2F3-1321C63D2F32}.AppStore|x64.Deploy.0 = Release|Any CPU
		{0C34E2EB-A4CD-4D4D-A2F3-1321C63D2F32}.AppStore|x86.ActiveCfg = Release|Any CPU
		{0C34E2EB-A4CD-4D4D-A2F3-1321C63D2F32}.AppStore|x86.Build.0 = Release|Any CPU
		{0C34E2EB-A4CD-4D4D-A2F3-1321C63D2F32}.AppStore|x86.Deploy.0 = Release|Any CPU
		{0C34E2EB-A4CD-4D4D-A2F3-1321C63D2F32}.Debug|Any CPU.ActiveCfg = Debug|Any CPU
		{0C34E2EB-A4CD-4D4D-A2F3-1321C63D2F32}.Debug|Any CPU.Build.0 = Debug|Any CPU
		{0C34E2EB-A4CD-4D4D-A2F3-1321C63D2F32}.Debug|Any CPU.Deploy.0 = Debug|Any CPU
		{0C34E2EB-A4CD-4D4D-A2F3-1321C63D2F32}.Debug|ARM.ActiveCfg = Debug|Any CPU
		{0C34E2EB-A4CD-4D4D-A2F3-1321C63D2F32}.Debug|ARM.Build.0 = Debug|Any CPU
		{0C34E2EB-A4CD-4D4D-A2F3-1321C63D2F32}.Debug|ARM.Deploy.0 = Debug|Any CPU
		{0C34E2EB-A4CD-4D4D-A2F3-1321C63D2F32}.Debug|iPhone.ActiveCfg = Debug|Any CPU
		{0C34E2EB-A4CD-4D4D-A2F3-1321C63D2F32}.Debug|iPhone.Build.0 = Debug|Any CPU
		{0C34E2EB-A4CD-4D4D-A2F3-1321C63D2F32}.Debug|iPhone.Deploy.0 = Debug|Any CPU
		{0C34E2EB-A4CD-4D4D-A2F3-1321C63D2F32}.Debug|iPhoneSimulator.ActiveCfg = Debug|Any CPU
		{0C34E2EB-A4CD-4D4D-A2F3-1321C63D2F32}.Debug|iPhoneSimulator.Build.0 = Debug|Any CPU
		{0C34E2EB-A4CD-4D4D-A2F3-1321C63D2F32}.Debug|iPhoneSimulator.Deploy.0 = Debug|Any CPU
		{0C34E2EB-A4CD-4D4D-A2F3-1321C63D2F32}.Debug|x64.ActiveCfg = Debug|Any CPU
		{0C34E2EB-A4CD-4D4D-A2F3-1321C63D2F32}.Debug|x64.Build.0 = Debug|Any CPU
		{0C34E2EB-A4CD-4D4D-A2F3-1321C63D2F32}.Debug|x64.Deploy.0 = Debug|Any CPU
		{0C34E2EB-A4CD-4D4D-A2F3-1321C63D2F32}.Debug|x86.ActiveCfg = Debug|Any CPU
		{0C34E2EB-A4CD-4D4D-A2F3-1321C63D2F32}.Debug|x86.Build.0 = Debug|Any CPU
		{0C34E2EB-A4CD-4D4D-A2F3-1321C63D2F32}.Debug|x86.Deploy.0 = Debug|Any CPU
		{0C34E2EB-A4CD-4D4D-A2F3-1321C63D2F32}.Release|Any CPU.ActiveCfg = Release|Any CPU
		{0C34E2EB-A4CD-4D4D-A2F3-1321C63D2F32}.Release|Any CPU.Build.0 = Release|Any CPU
		{0C34E2EB-A4CD-4D4D-A2F3-1321C63D2F32}.Release|Any CPU.Deploy.0 = Release|Any CPU
		{0C34E2EB-A4CD-4D4D-A2F3-1321C63D2F32}.Release|ARM.ActiveCfg = Release|Any CPU
		{0C34E2EB-A4CD-4D4D-A2F3-1321C63D2F32}.Release|ARM.Build.0 = Release|Any CPU
		{0C34E2EB-A4CD-4D4D-A2F3-1321C63D2F32}.Release|ARM.Deploy.0 = Release|Any CPU
		{0C34E2EB-A4CD-4D4D-A2F3-1321C63D2F32}.Release|iPhone.ActiveCfg = Release|Any CPU
		{0C34E2EB-A4CD-4D4D-A2F3-1321C63D2F32}.Release|iPhone.Build.0 = Release|Any CPU
		{0C34E2EB-A4CD-4D4D-A2F3-1321C63D2F32}.Release|iPhone.Deploy.0 = Release|Any CPU
		{0C34E2EB-A4CD-4D4D-A2F3-1321C63D2F32}.Release|iPhoneSimulator.ActiveCfg = Release|Any CPU
		{0C34E2EB-A4CD-4D4D-A2F3-1321C63D2F32}.Release|iPhoneSimulator.Build.0 = Release|Any CPU
		{0C34E2EB-A4CD-4D4D-A2F3-1321C63D2F32}.Release|iPhoneSimulator.Deploy.0 = Release|Any CPU
		{0C34E2EB-A4CD-4D4D-A2F3-1321C63D2F32}.Release|x64.ActiveCfg = Release|Any CPU
		{0C34E2EB-A4CD-4D4D-A2F3-1321C63D2F32}.Release|x64.Build.0 = Release|Any CPU
		{0C34E2EB-A4CD-4D4D-A2F3-1321C63D2F32}.Release|x64.Deploy.0 = Release|Any CPU
		{0C34E2EB-A4CD-4D4D-A2F3-1321C63D2F32}.Release|x86.ActiveCfg = Release|Any CPU
		{0C34E2EB-A4CD-4D4D-A2F3-1321C63D2F32}.Release|x86.Build.0 = Release|Any CPU
		{0C34E2EB-A4CD-4D4D-A2F3-1321C63D2F32}.Release|x86.Deploy.0 = Release|Any CPU
		{8534C481-F684-404C-9A39-62799E601109}.Ad-Hoc|Any CPU.ActiveCfg = Ad-Hoc|iPhone
		{8534C481-F684-404C-9A39-62799E601109}.Ad-Hoc|ARM.ActiveCfg = Ad-Hoc|iPhone
		{8534C481-F684-404C-9A39-62799E601109}.Ad-Hoc|iPhone.ActiveCfg = Ad-Hoc|iPhone
		{8534C481-F684-404C-9A39-62799E601109}.Ad-Hoc|iPhone.Build.0 = Ad-Hoc|iPhone
		{8534C481-F684-404C-9A39-62799E601109}.Ad-Hoc|iPhoneSimulator.ActiveCfg = Ad-Hoc|iPhoneSimulator
		{8534C481-F684-404C-9A39-62799E601109}.Ad-Hoc|iPhoneSimulator.Build.0 = Ad-Hoc|iPhoneSimulator
		{8534C481-F684-404C-9A39-62799E601109}.Ad-Hoc|x64.ActiveCfg = Ad-Hoc|iPhone
		{8534C481-F684-404C-9A39-62799E601109}.Ad-Hoc|x86.ActiveCfg = Ad-Hoc|iPhone
		{8534C481-F684-404C-9A39-62799E601109}.AppStore|Any CPU.ActiveCfg = AppStore|iPhone
		{8534C481-F684-404C-9A39-62799E601109}.AppStore|ARM.ActiveCfg = AppStore|iPhone
		{8534C481-F684-404C-9A39-62799E601109}.AppStore|iPhone.ActiveCfg = AppStore|iPhone
		{8534C481-F684-404C-9A39-62799E601109}.AppStore|iPhone.Build.0 = AppStore|iPhone
		{8534C481-F684-404C-9A39-62799E601109}.AppStore|iPhoneSimulator.ActiveCfg = AppStore|iPhoneSimulator
		{8534C481-F684-404C-9A39-62799E601109}.AppStore|iPhoneSimulator.Build.0 = AppStore|iPhoneSimulator
		{8534C481-F684-404C-9A39-62799E601109}.AppStore|x64.ActiveCfg = AppStore|iPhone
		{8534C481-F684-404C-9A39-62799E601109}.AppStore|x86.ActiveCfg = AppStore|iPhone
		{8534C481-F684-404C-9A39-62799E601109}.Debug|Any CPU.ActiveCfg = Debug|iPhone
		{8534C481-F684-404C-9A39-62799E601109}.Debug|ARM.ActiveCfg = Debug|iPhone
		{8534C481-F684-404C-9A39-62799E601109}.Debug|iPhone.ActiveCfg = Debug|iPhone
		{8534C481-F684-404C-9A39-62799E601109}.Debug|iPhone.Build.0 = Debug|iPhone
		{8534C481-F684-404C-9A39-62799E601109}.Debug|iPhoneSimulator.ActiveCfg = Debug|iPhoneSimulator
		{8534C481-F684-404C-9A39-62799E601109}.Debug|iPhoneSimulator.Build.0 = Debug|iPhoneSimulator
		{8534C481-F684-404C-9A39-62799E601109}.Debug|x64.ActiveCfg = Debug|iPhone
		{8534C481-F684-404C-9A39-62799E601109}.Debug|x86.ActiveCfg = Debug|iPhone
		{8534C481-F684-404C-9A39-62799E601109}.Release|Any CPU.ActiveCfg = Release|iPhone
		{8534C481-F684-404C-9A39-62799E601109}.Release|ARM.ActiveCfg = Release|iPhone
		{8534C481-F684-404C-9A39-62799E601109}.Release|iPhone.ActiveCfg = Release|iPhone
		{8534C481-F684-404C-9A39-62799E601109}.Release|iPhone.Build.0 = Release|iPhone
		{8534C481-F684-404C-9A39-62799E601109}.Release|iPhoneSimulator.ActiveCfg = Release|iPhoneSimulator
		{8534C481-F684-404C-9A39-62799E601109}.Release|iPhoneSimulator.Build.0 = Release|iPhoneSimulator
		{8534C481-F684-404C-9A39-62799E601109}.Release|x64.ActiveCfg = Release|iPhone
		{8534C481-F684-404C-9A39-62799E601109}.Release|x86.ActiveCfg = Release|iPhone
		{825797F9-F85E-48F6-9840-8E7273D408AA}.Ad-Hoc|Any CPU.ActiveCfg = Release|Any CPU
		{825797F9-F85E-48F6-9840-8E7273D408AA}.Ad-Hoc|Any CPU.Build.0 = Release|Any CPU
		{825797F9-F85E-48F6-9840-8E7273D408AA}.Ad-Hoc|Any CPU.Deploy.0 = Release|Any CPU
		{825797F9-F85E-48F6-9840-8E7273D408AA}.Ad-Hoc|ARM.ActiveCfg = Release|ARM
		{825797F9-F85E-48F6-9840-8E7273D408AA}.Ad-Hoc|ARM.Build.0 = Release|ARM
		{825797F9-F85E-48F6-9840-8E7273D408AA}.Ad-Hoc|ARM.Deploy.0 = Release|ARM
		{825797F9-F85E-48F6-9840-8E7273D408AA}.Ad-Hoc|iPhone.ActiveCfg = Release|Any CPU
		{825797F9-F85E-48F6-9840-8E7273D408AA}.Ad-Hoc|iPhone.Build.0 = Release|Any CPU
		{825797F9-F85E-48F6-9840-8E7273D408AA}.Ad-Hoc|iPhone.Deploy.0 = Release|Any CPU
		{825797F9-F85E-48F6-9840-8E7273D408AA}.Ad-Hoc|iPhoneSimulator.ActiveCfg = Release|Any CPU
		{825797F9-F85E-48F6-9840-8E7273D408AA}.Ad-Hoc|iPhoneSimulator.Build.0 = Release|Any CPU
		{825797F9-F85E-48F6-9840-8E7273D408AA}.Ad-Hoc|iPhoneSimulator.Deploy.0 = Release|Any CPU
		{825797F9-F85E-48F6-9840-8E7273D408AA}.Ad-Hoc|x64.ActiveCfg = Release|Any CPU
		{825797F9-F85E-48F6-9840-8E7273D408AA}.Ad-Hoc|x64.Build.0 = Release|Any CPU
		{825797F9-F85E-48F6-9840-8E7273D408AA}.Ad-Hoc|x64.Deploy.0 = Release|Any CPU
		{825797F9-F85E-48F6-9840-8E7273D408AA}.Ad-Hoc|x86.ActiveCfg = Release|x86
		{825797F9-F85E-48F6-9840-8E7273D408AA}.Ad-Hoc|x86.Build.0 = Release|x86
		{825797F9-F85E-48F6-9840-8E7273D408AA}.Ad-Hoc|x86.Deploy.0 = Release|x86
		{825797F9-F85E-48F6-9840-8E7273D408AA}.AppStore|Any CPU.ActiveCfg = Release|Any CPU
		{825797F9-F85E-48F6-9840-8E7273D408AA}.AppStore|Any CPU.Build.0 = Release|Any CPU
		{825797F9-F85E-48F6-9840-8E7273D408AA}.AppStore|Any CPU.Deploy.0 = Release|Any CPU
		{825797F9-F85E-48F6-9840-8E7273D408AA}.AppStore|ARM.ActiveCfg = Release|ARM
		{825797F9-F85E-48F6-9840-8E7273D408AA}.AppStore|ARM.Build.0 = Release|ARM
		{825797F9-F85E-48F6-9840-8E7273D408AA}.AppStore|ARM.Deploy.0 = Release|ARM
		{825797F9-F85E-48F6-9840-8E7273D408AA}.AppStore|iPhone.ActiveCfg = Release|Any CPU
		{825797F9-F85E-48F6-9840-8E7273D408AA}.AppStore|iPhone.Build.0 = Release|Any CPU
		{825797F9-F85E-48F6-9840-8E7273D408AA}.AppStore|iPhone.Deploy.0 = Release|Any CPU
		{825797F9-F85E-48F6-9840-8E7273D408AA}.AppStore|iPhoneSimulator.ActiveCfg = Release|Any CPU
		{825797F9-F85E-48F6-9840-8E7273D408AA}.AppStore|iPhoneSimulator.Build.0 = Release|Any CPU
		{825797F9-F85E-48F6-9840-8E7273D408AA}.AppStore|iPhoneSimulator.Deploy.0 = Release|Any CPU
		{825797F9-F85E-48F6-9840-8E7273D408AA}.AppStore|x64.ActiveCfg = Release|Any CPU
		{825797F9-F85E-48F6-9840-8E7273D408AA}.AppStore|x64.Build.0 = Release|Any CPU
		{825797F9-F85E-48F6-9840-8E7273D408AA}.AppStore|x64.Deploy.0 = Release|Any CPU
		{825797F9-F85E-48F6-9840-8E7273D408AA}.AppStore|x86.ActiveCfg = Release|x86
		{825797F9-F85E-48F6-9840-8E7273D408AA}.AppStore|x86.Build.0 = Release|x86
		{825797F9-F85E-48F6-9840-8E7273D408AA}.AppStore|x86.Deploy.0 = Release|x86
		{825797F9-F85E-48F6-9840-8E7273D408AA}.Debug|Any CPU.ActiveCfg = Debug|Any CPU
		{825797F9-F85E-48F6-9840-8E7273D408AA}.Debug|Any CPU.Build.0 = Debug|Any CPU
		{825797F9-F85E-48F6-9840-8E7273D408AA}.Debug|Any CPU.Deploy.0 = Debug|Any CPU
		{825797F9-F85E-48F6-9840-8E7273D408AA}.Debug|ARM.ActiveCfg = Debug|ARM
		{825797F9-F85E-48F6-9840-8E7273D408AA}.Debug|ARM.Build.0 = Debug|ARM
		{825797F9-F85E-48F6-9840-8E7273D408AA}.Debug|ARM.Deploy.0 = Debug|ARM
		{825797F9-F85E-48F6-9840-8E7273D408AA}.Debug|iPhone.ActiveCfg = Debug|Any CPU
		{825797F9-F85E-48F6-9840-8E7273D408AA}.Debug|iPhone.Build.0 = Debug|Any CPU
		{825797F9-F85E-48F6-9840-8E7273D408AA}.Debug|iPhone.Deploy.0 = Debug|Any CPU
		{825797F9-F85E-48F6-9840-8E7273D408AA}.Debug|iPhoneSimulator.ActiveCfg = Debug|Any CPU
		{825797F9-F85E-48F6-9840-8E7273D408AA}.Debug|iPhoneSimulator.Build.0 = Debug|Any CPU
		{825797F9-F85E-48F6-9840-8E7273D408AA}.Debug|iPhoneSimulator.Deploy.0 = Debug|Any CPU
		{825797F9-F85E-48F6-9840-8E7273D408AA}.Debug|x64.ActiveCfg = Debug|Any CPU
		{825797F9-F85E-48F6-9840-8E7273D408AA}.Debug|x64.Build.0 = Debug|Any CPU
		{825797F9-F85E-48F6-9840-8E7273D408AA}.Debug|x64.Deploy.0 = Debug|Any CPU
		{825797F9-F85E-48F6-9840-8E7273D408AA}.Debug|x86.ActiveCfg = Debug|x86
		{825797F9-F85E-48F6-9840-8E7273D408AA}.Debug|x86.Build.0 = Debug|x86
		{825797F9-F85E-48F6-9840-8E7273D408AA}.Debug|x86.Deploy.0 = Debug|x86
		{825797F9-F85E-48F6-9840-8E7273D408AA}.Release|Any CPU.ActiveCfg = Release|Any CPU
		{825797F9-F85E-48F6-9840-8E7273D408AA}.Release|Any CPU.Build.0 = Release|Any CPU
		{825797F9-F85E-48F6-9840-8E7273D408AA}.Release|Any CPU.Deploy.0 = Release|Any CPU
		{825797F9-F85E-48F6-9840-8E7273D408AA}.Release|ARM.ActiveCfg = Release|ARM
		{825797F9-F85E-48F6-9840-8E7273D408AA}.Release|ARM.Build.0 = Release|ARM
		{825797F9-F85E-48F6-9840-8E7273D408AA}.Release|ARM.Deploy.0 = Release|ARM
		{825797F9-F85E-48F6-9840-8E7273D408AA}.Release|iPhone.ActiveCfg = Release|Any CPU
		{825797F9-F85E-48F6-9840-8E7273D408AA}.Release|iPhone.Build.0 = Release|Any CPU
		{825797F9-F85E-48F6-9840-8E7273D408AA}.Release|iPhone.Deploy.0 = Release|Any CPU
		{825797F9-F85E-48F6-9840-8E7273D408AA}.Release|iPhoneSimulator.ActiveCfg = Release|Any CPU
		{825797F9-F85E-48F6-9840-8E7273D408AA}.Release|iPhoneSimulator.Build.0 = Release|Any CPU
		{825797F9-F85E-48F6-9840-8E7273D408AA}.Release|iPhoneSimulator.Deploy.0 = Release|Any CPU
		{825797F9-F85E-48F6-9840-8E7273D408AA}.Release|x64.ActiveCfg = Release|Any CPU
		{825797F9-F85E-48F6-9840-8E7273D408AA}.Release|x64.Build.0 = Release|Any CPU
		{825797F9-F85E-48F6-9840-8E7273D408AA}.Release|x64.Deploy.0 = Release|Any CPU
		{825797F9-F85E-48F6-9840-8E7273D408AA}.Release|x86.ActiveCfg = Release|x86
		{825797F9-F85E-48F6-9840-8E7273D408AA}.Release|x86.Build.0 = Release|x86
		{825797F9-F85E-48F6-9840-8E7273D408AA}.Release|x86.Deploy.0 = Release|x86
		{F2EBFDB8-C3B8-471F-8B61-220FCFA80F51}.Ad-Hoc|Any CPU.ActiveCfg = Release|Any CPU
		{F2EBFDB8-C3B8-471F-8B61-220FCFA80F51}.Ad-Hoc|Any CPU.Build.0 = Release|Any CPU
		{F2EBFDB8-C3B8-471F-8B61-220FCFA80F51}.Ad-Hoc|Any CPU.Deploy.0 = Release|Any CPU
		{F2EBFDB8-C3B8-471F-8B61-220FCFA80F51}.Ad-Hoc|ARM.ActiveCfg = Release|ARM
		{F2EBFDB8-C3B8-471F-8B61-220FCFA80F51}.Ad-Hoc|ARM.Build.0 = Release|ARM
		{F2EBFDB8-C3B8-471F-8B61-220FCFA80F51}.Ad-Hoc|ARM.Deploy.0 = Release|ARM
		{F2EBFDB8-C3B8-471F-8B61-220FCFA80F51}.Ad-Hoc|iPhone.ActiveCfg = Release|Any CPU
		{F2EBFDB8-C3B8-471F-8B61-220FCFA80F51}.Ad-Hoc|iPhone.Build.0 = Release|Any CPU
		{F2EBFDB8-C3B8-471F-8B61-220FCFA80F51}.Ad-Hoc|iPhone.Deploy.0 = Release|Any CPU
		{F2EBFDB8-C3B8-471F-8B61-220FCFA80F51}.Ad-Hoc|iPhoneSimulator.ActiveCfg = Release|Any CPU
		{F2EBFDB8-C3B8-471F-8B61-220FCFA80F51}.Ad-Hoc|iPhoneSimulator.Build.0 = Release|Any CPU
		{F2EBFDB8-C3B8-471F-8B61-220FCFA80F51}.Ad-Hoc|iPhoneSimulator.Deploy.0 = Release|Any CPU
		{F2EBFDB8-C3B8-471F-8B61-220FCFA80F51}.Ad-Hoc|x64.ActiveCfg = Release|x64
		{F2EBFDB8-C3B8-471F-8B61-220FCFA80F51}.Ad-Hoc|x64.Build.0 = Release|x64
		{F2EBFDB8-C3B8-471F-8B61-220FCFA80F51}.Ad-Hoc|x64.Deploy.0 = Release|x64
		{F2EBFDB8-C3B8-471F-8B61-220FCFA80F51}.Ad-Hoc|x86.ActiveCfg = Release|x86
		{F2EBFDB8-C3B8-471F-8B61-220FCFA80F51}.Ad-Hoc|x86.Build.0 = Release|x86
		{F2EBFDB8-C3B8-471F-8B61-220FCFA80F51}.Ad-Hoc|x86.Deploy.0 = Release|x86
		{F2EBFDB8-C3B8-471F-8B61-220FCFA80F51}.AppStore|Any CPU.ActiveCfg = Release|Any CPU
		{F2EBFDB8-C3B8-471F-8B61-220FCFA80F51}.AppStore|Any CPU.Build.0 = Release|Any CPU
		{F2EBFDB8-C3B8-471F-8B61-220FCFA80F51}.AppStore|Any CPU.Deploy.0 = Release|Any CPU
		{F2EBFDB8-C3B8-471F-8B61-220FCFA80F51}.AppStore|ARM.ActiveCfg = Release|ARM
		{F2EBFDB8-C3B8-471F-8B61-220FCFA80F51}.AppStore|ARM.Build.0 = Release|ARM
		{F2EBFDB8-C3B8-471F-8B61-220FCFA80F51}.AppStore|ARM.Deploy.0 = Release|ARM
		{F2EBFDB8-C3B8-471F-8B61-220FCFA80F51}.AppStore|iPhone.ActiveCfg = Release|Any CPU
		{F2EBFDB8-C3B8-471F-8B61-220FCFA80F51}.AppStore|iPhone.Build.0 = Release|Any CPU
		{F2EBFDB8-C3B8-471F-8B61-220FCFA80F51}.AppStore|iPhone.Deploy.0 = Release|Any CPU
		{F2EBFDB8-C3B8-471F-8B61-220FCFA80F51}.AppStore|iPhoneSimulator.ActiveCfg = Release|Any CPU
		{F2EBFDB8-C3B8-471F-8B61-220FCFA80F51}.AppStore|iPhoneSimulator.Build.0 = Release|Any CPU
		{F2EBFDB8-C3B8-471F-8B61-220FCFA80F51}.AppStore|iPhoneSimulator.Deploy.0 = Release|Any CPU
		{F2EBFDB8-C3B8-471F-8B61-220FCFA80F51}.AppStore|x64.ActiveCfg = Release|x64
		{F2EBFDB8-C3B8-471F-8B61-220FCFA80F51}.AppStore|x64.Build.0 = Release|x64
		{F2EBFDB8-C3B8-471F-8B61-220FCFA80F51}.AppStore|x64.Deploy.0 = Release|x64
		{F2EBFDB8-C3B8-471F-8B61-220FCFA80F51}.AppStore|x86.ActiveCfg = Release|x86
		{F2EBFDB8-C3B8-471F-8B61-220FCFA80F51}.AppStore|x86.Build.0 = Release|x86
		{F2EBFDB8-C3B8-471F-8B61-220FCFA80F51}.AppStore|x86.Deploy.0 = Release|x86
		{F2EBFDB8-C3B8-471F-8B61-220FCFA80F51}.Debug|Any CPU.ActiveCfg = Debug|Any CPU
		{F2EBFDB8-C3B8-471F-8B61-220FCFA80F51}.Debug|Any CPU.Build.0 = Debug|Any CPU
		{F2EBFDB8-C3B8-471F-8B61-220FCFA80F51}.Debug|Any CPU.Deploy.0 = Debug|Any CPU
		{F2EBFDB8-C3B8-471F-8B61-220FCFA80F51}.Debug|ARM.ActiveCfg = Debug|ARM
		{F2EBFDB8-C3B8-471F-8B61-220FCFA80F51}.Debug|ARM.Build.0 = Debug|ARM
		{F2EBFDB8-C3B8-471F-8B61-220FCFA80F51}.Debug|ARM.Deploy.0 = Debug|ARM
		{F2EBFDB8-C3B8-471F-8B61-220FCFA80F51}.Debug|iPhone.ActiveCfg = Debug|Any CPU
		{F2EBFDB8-C3B8-471F-8B61-220FCFA80F51}.Debug|iPhone.Build.0 = Debug|Any CPU
		{F2EBFDB8-C3B8-471F-8B61-220FCFA80F51}.Debug|iPhone.Deploy.0 = Debug|Any CPU
		{F2EBFDB8-C3B8-471F-8B61-220FCFA80F51}.Debug|iPhoneSimulator.ActiveCfg = Debug|Any CPU
		{F2EBFDB8-C3B8-471F-8B61-220FCFA80F51}.Debug|iPhoneSimulator.Build.0 = Debug|Any CPU
		{F2EBFDB8-C3B8-471F-8B61-220FCFA80F51}.Debug|iPhoneSimulator.Deploy.0 = Debug|Any CPU
		{F2EBFDB8-C3B8-471F-8B61-220FCFA80F51}.Debug|x64.ActiveCfg = Debug|x64
		{F2EBFDB8-C3B8-471F-8B61-220FCFA80F51}.Debug|x64.Build.0 = Debug|x64
		{F2EBFDB8-C3B8-471F-8B61-220FCFA80F51}.Debug|x64.Deploy.0 = Debug|x64
		{F2EBFDB8-C3B8-471F-8B61-220FCFA80F51}.Debug|x86.ActiveCfg = Debug|x86
		{F2EBFDB8-C3B8-471F-8B61-220FCFA80F51}.Debug|x86.Build.0 = Debug|x86
		{F2EBFDB8-C3B8-471F-8B61-220FCFA80F51}.Debug|x86.Deploy.0 = Debug|x86
		{F2EBFDB8-C3B8-471F-8B61-220FCFA80F51}.Release|Any CPU.ActiveCfg = Release|Any CPU
		{F2EBFDB8-C3B8-471F-8B61-220FCFA80F51}.Release|Any CPU.Build.0 = Release|Any CPU
		{F2EBFDB8-C3B8-471F-8B61-220FCFA80F51}.Release|Any CPU.Deploy.0 = Release|Any CPU
		{F2EBFDB8-C3B8-471F-8B61-220FCFA80F51}.Release|ARM.ActiveCfg = Release|ARM
		{F2EBFDB8-C3B8-471F-8B61-220FCFA80F51}.Release|ARM.Build.0 = Release|ARM
		{F2EBFDB8-C3B8-471F-8B61-220FCFA80F51}.Release|ARM.Deploy.0 = Release|ARM
		{F2EBFDB8-C3B8-471F-8B61-220FCFA80F51}.Release|iPhone.ActiveCfg = Release|Any CPU
		{F2EBFDB8-C3B8-471F-8B61-220FCFA80F51}.Release|iPhone.Build.0 = Release|Any CPU
		{F2EBFDB8-C3B8-471F-8B61-220FCFA80F51}.Release|iPhone.Deploy.0 = Release|Any CPU
		{F2EBFDB8-C3B8-471F-8B61-220FCFA80F51}.Release|iPhoneSimulator.ActiveCfg = Release|Any CPU
		{F2EBFDB8-C3B8-471F-8B61-220FCFA80F51}.Release|iPhoneSimulator.Build.0 = Release|Any CPU
		{F2EBFDB8-C3B8-471F-8B61-220FCFA80F51}.Release|iPhoneSimulator.Deploy.0 = Release|Any CPU
		{F2EBFDB8-C3B8-471F-8B61-220FCFA80F51}.Release|x64.ActiveCfg = Release|x64
		{F2EBFDB8-C3B8-471F-8B61-220FCFA80F51}.Release|x64.Build.0 = Release|x64
		{F2EBFDB8-C3B8-471F-8B61-220FCFA80F51}.Release|x64.Deploy.0 = Release|x64
		{F2EBFDB8-C3B8-471F-8B61-220FCFA80F51}.Release|x86.ActiveCfg = Release|x86
		{F2EBFDB8-C3B8-471F-8B61-220FCFA80F51}.Release|x86.Build.0 = Release|x86
		{F2EBFDB8-C3B8-471F-8B61-220FCFA80F51}.Release|x86.Deploy.0 = Release|x86
		{33D950CA-EE75-4D05-ACA4-BCA29B7F1267}.Ad-Hoc|Any CPU.ActiveCfg = Release|Any CPU
		{33D950CA-EE75-4D05-ACA4-BCA29B7F1267}.Ad-Hoc|Any CPU.Build.0 = Release|Any CPU
		{33D950CA-EE75-4D05-ACA4-BCA29B7F1267}.Ad-Hoc|ARM.ActiveCfg = Release|Any CPU
		{33D950CA-EE75-4D05-ACA4-BCA29B7F1267}.Ad-Hoc|ARM.Build.0 = Release|Any CPU
		{33D950CA-EE75-4D05-ACA4-BCA29B7F1267}.Ad-Hoc|iPhone.ActiveCfg = Release|Any CPU
		{33D950CA-EE75-4D05-ACA4-BCA29B7F1267}.Ad-Hoc|iPhone.Build.0 = Release|Any CPU
		{33D950CA-EE75-4D05-ACA4-BCA29B7F1267}.Ad-Hoc|iPhoneSimulator.ActiveCfg = Release|Any CPU
		{33D950CA-EE75-4D05-ACA4-BCA29B7F1267}.Ad-Hoc|iPhoneSimulator.Build.0 = Release|Any CPU
		{33D950CA-EE75-4D05-ACA4-BCA29B7F1267}.Ad-Hoc|x64.ActiveCfg = Release|Any CPU
		{33D950CA-EE75-4D05-ACA4-BCA29B7F1267}.Ad-Hoc|x64.Build.0 = Release|Any CPU
		{33D950CA-EE75-4D05-ACA4-BCA29B7F1267}.Ad-Hoc|x86.ActiveCfg = Release|Any CPU
		{33D950CA-EE75-4D05-ACA4-BCA29B7F1267}.Ad-Hoc|x86.Build.0 = Release|Any CPU
		{33D950CA-EE75-4D05-ACA4-BCA29B7F1267}.AppStore|Any CPU.ActiveCfg = Release|Any CPU
		{33D950CA-EE75-4D05-ACA4-BCA29B7F1267}.AppStore|Any CPU.Build.0 = Release|Any CPU
		{33D950CA-EE75-4D05-ACA4-BCA29B7F1267}.AppStore|ARM.ActiveCfg = Release|Any CPU
		{33D950CA-EE75-4D05-ACA4-BCA29B7F1267}.AppStore|ARM.Build.0 = Release|Any CPU
		{33D950CA-EE75-4D05-ACA4-BCA29B7F1267}.AppStore|iPhone.ActiveCfg = Release|Any CPU
		{33D950CA-EE75-4D05-ACA4-BCA29B7F1267}.AppStore|iPhone.Build.0 = Release|Any CPU
		{33D950CA-EE75-4D05-ACA4-BCA29B7F1267}.AppStore|iPhoneSimulator.ActiveCfg = Release|Any CPU
		{33D950CA-EE75-4D05-ACA4-BCA29B7F1267}.AppStore|iPhoneSimulator.Build.0 = Release|Any CPU
		{33D950CA-EE75-4D05-ACA4-BCA29B7F1267}.AppStore|x64.ActiveCfg = Release|Any CPU
		{33D950CA-EE75-4D05-ACA4-BCA29B7F1267}.AppStore|x64.Build.0 = Release|Any CPU
		{33D950CA-EE75-4D05-ACA4-BCA29B7F1267}.AppStore|x86.ActiveCfg = Release|Any CPU
		{33D950CA-EE75-4D05-ACA4-BCA29B7F1267}.AppStore|x86.Build.0 = Release|Any CPU
		{33D950CA-EE75-4D05-ACA4-BCA29B7F1267}.Debug|Any CPU.ActiveCfg = Debug|Any CPU
		{33D950CA-EE75-4D05-ACA4-BCA29B7F1267}.Debug|Any CPU.Build.0 = Debug|Any CPU
		{33D950CA-EE75-4D05-ACA4-BCA29B7F1267}.Debug|ARM.ActiveCfg = Debug|Any CPU
		{33D950CA-EE75-4D05-ACA4-BCA29B7F1267}.Debug|ARM.Build.0 = Debug|Any CPU
		{33D950CA-EE75-4D05-ACA4-BCA29B7F1267}.Debug|iPhone.ActiveCfg = Debug|Any CPU
		{33D950CA-EE75-4D05-ACA4-BCA29B7F1267}.Debug|iPhone.Build.0 = Debug|Any CPU
		{33D950CA-EE75-4D05-ACA4-BCA29B7F1267}.Debug|iPhoneSimulator.ActiveCfg = Debug|Any CPU
		{33D950CA-EE75-4D05-ACA4-BCA29B7F1267}.Debug|iPhoneSimulator.Build.0 = Debug|Any CPU
		{33D950CA-EE75-4D05-ACA4-BCA29B7F1267}.Debug|x64.ActiveCfg = Debug|Any CPU
		{33D950CA-EE75-4D05-ACA4-BCA29B7F1267}.Debug|x64.Build.0 = Debug|Any CPU
		{33D950CA-EE75-4D05-ACA4-BCA29B7F1267}.Debug|x86.ActiveCfg = Debug|Any CPU
		{33D950CA-EE75-4D05-ACA4-BCA29B7F1267}.Debug|x86.Build.0 = Debug|Any CPU
		{33D950CA-EE75-4D05-ACA4-BCA29B7F1267}.Release|Any CPU.ActiveCfg = Release|Any CPU
		{33D950CA-EE75-4D05-ACA4-BCA29B7F1267}.Release|Any CPU.Build.0 = Release|Any CPU
		{33D950CA-EE75-4D05-ACA4-BCA29B7F1267}.Release|ARM.ActiveCfg = Release|Any CPU
		{33D950CA-EE75-4D05-ACA4-BCA29B7F1267}.Release|ARM.Build.0 = Release|Any CPU
		{33D950CA-EE75-4D05-ACA4-BCA29B7F1267}.Release|iPhone.ActiveCfg = Release|Any CPU
		{33D950CA-EE75-4D05-ACA4-BCA29B7F1267}.Release|iPhone.Build.0 = Release|Any CPU
		{33D950CA-EE75-4D05-ACA4-BCA29B7F1267}.Release|iPhoneSimulator.ActiveCfg = Release|Any CPU
		{33D950CA-EE75-4D05-ACA4-BCA29B7F1267}.Release|iPhoneSimulator.Build.0 = Release|Any CPU
		{33D950CA-EE75-4D05-ACA4-BCA29B7F1267}.Release|x64.ActiveCfg = Release|Any CPU
		{33D950CA-EE75-4D05-ACA4-BCA29B7F1267}.Release|x64.Build.0 = Release|Any CPU
		{33D950CA-EE75-4D05-ACA4-BCA29B7F1267}.Release|x86.ActiveCfg = Release|Any CPU
		{33D950CA-EE75-4D05-ACA4-BCA29B7F1267}.Release|x86.Build.0 = Release|Any CPU
	EndGlobalSection
	GlobalSection(SolutionProperties) = preSolution
		HideSolutionNode = FALSE
	EndGlobalSection
EndGlobal
